
Microsoft Visual Studio Solution File, Format Version 12.00
# Visual Studio Version 17
VisualStudioVersion = 17.11.35222.181
MinimumVisualStudioVersion = 10.0.40219.1
Project("{FAE04EC0-301F-11D3-BF4B-00C04F79EFBC}") = "Ejercicio_2_Semana_9", "Ejercicio_2_Semana_9.csproj", "{6423F1B0-DFC7-4447-90C3-2B03FE1F4C93}"
EndProject
Global
	GlobalSection(SolutionConfigurationPlatforms) = preSolution
		Debug|Any CPU = Debug|Any CPU
		Release|Any CPU = Release|Any CPU
	EndGlobalSection
	GlobalSection(ProjectConfigurationPlatforms) = postSolution
		{6423F1B0-DFC7-4447-90C3-2B03FE1F4C93}.Debug|Any CPU.ActiveCfg = Debug|Any CPU
		{6423F1B0-DFC7-4447-90C3-2B03FE1F4C93}.Debug|Any CPU.Build.0 = Debug|Any CPU
		{6423F1B0-DFC7-4447-90C3-2B03FE1F4C93}.Release|Any CPU.ActiveCfg = Release|Any CPU
		{6423F1B0-DFC7-4447-90C3-2B03FE1F4C93}.Release|Any CPU.Build.0 = Release|Any CPU
	EndGlobalSection
	GlobalSection(SolutionProperties) = preSolution
		HideSolutionNode = FALSE
	EndGlobalSection
	GlobalSection(ExtensibilityGlobals) = postSolution
		SolutionGuid = {6D49B8E6-A59A-4F93-89A5-949F758DF0B0}
	EndGlobalSection
EndGlobal
