
Microsoft Visual Studio Solution File, Format Version 12.00
# Visual Studio Version 17
VisualStudioVersion = 17.11.35222.181
MinimumVisualStudioVersion = 10.0.40219.1
Project("{FAE04EC0-301F-11D3-BF4B-00C04F79EFBC}") = "Segunda_Parte_del_Codigo", "Segunda_Parte_del_Codigo.csproj", "{BE9D191F-FA8C-4DA3-AEA9-86B4F15DB1A8}"
EndProject
Global
	GlobalSection(SolutionConfigurationPlatforms) = preSolution
		Debug|Any CPU = Debug|Any CPU
		Release|Any CPU = Release|Any CPU
	EndGlobalSection
	GlobalSection(ProjectConfigurationPlatforms) = postSolution
		{BE9D191F-FA8C-4DA3-AEA9-86B4F15DB1A8}.Debug|Any CPU.ActiveCfg = Debug|Any CPU
		{BE9D191F-FA8C-4DA3-AEA9-86B4F15DB1A8}.Debug|Any CPU.Build.0 = Debug|Any CPU
		{BE9D191F-FA8C-4DA3-AEA9-86B4F15DB1A8}.Release|Any CPU.ActiveCfg = Release|Any CPU
		{BE9D191F-FA8C-4DA3-AEA9-86B4F15DB1A8}.Release|Any CPU.Build.0 = Release|Any CPU
	EndGlobalSection
	GlobalSection(SolutionProperties) = preSolution
		HideSolutionNode = FALSE
	EndGlobalSection
	GlobalSection(ExtensibilityGlobals) = postSolution
		SolutionGuid = {D59E4532-7017-4FE3-9C2E-A7618E29BB16}
	EndGlobalSection
EndGlobal
